# Generated by tyx. Commit this file with project.tyx.
lock 1

tools:
node requested 22 status present version v22.13.1 matches true provider path
npm requested 10.9.0 status present version 10.9.0 matches true provider path

services:
compose file compose.yaml status present
compose file compose.override.yaml status present

env:
example .env.example status present

scripts npm:
dev
test
