# Generated by tyx. Commit this file with project.tyx.
lock 1

tools:
node requested 22 status present version v22.13.1 provider path
npm requested 10.9.0 status present version 10.9.0 provider path

services:
compose file compose.yaml
compose file compose.override.yaml

env:
example .env.example

scripts npm:
dev
test
